
Microsoft Visual Studio Solution File, Format Version 12.00
# Visual Studio 15
VisualStudioVersion = 15.0.28307.329
MinimumVisualStudioVersion = 10.0.40219.1
Project("{2150E333-8FDC-42A3-9474-1A3956D46DE8}") = "Server", "Server", "{7FB3FD17-5A4E-4D85-ADCC-473C7DA46857}"
EndProject
Project("{2150E333-8FDC-42A3-9474-1A3956D46DE8}") = "Core", "Core", "{E5635B02-BB68-44D3-9AAE-A576072BF7BD}"
EndProject
Project("{2150E333-8FDC-42A3-9474-1A3956D46DE8}") = "Clients", "Clients", "{3A5A8311-8123-4072-AF76-51015F519AA9}"
EndProject
Project("{9A19103F-16F7-4668-BE54-9A1E7A4F7556}") = "Snap.Entities", "Core\Snap.Entities\Snap.Entities.csproj", "{625B81B6-83D1-436A-B9F1-125685D59997}"
EndProject
Project("{9A19103F-16F7-4668-BE54-9A1E7A4F7556}") = "Snap.Console", "Clients\Snap.Console\Snap.Console.csproj", "{F13473C4-BFC2-46DA-89D2-B6E3E1456979}"
EndProject
Project("{2150E333-8FDC-42A3-9474-1A3956D46DE8}") = "Tests", "Tests", "{A6CF54F0-B610-4091-A4FE-F0763EEAA55E}"
EndProject
Project("{9A19103F-16F7-4668-BE54-9A1E7A4F7556}") = "Snap.UnitTests", "Tests\Snap.UnitTests\Snap.UnitTests.csproj", "{E7A9D567-EADE-420E-8A14-A2CCA938C854}"
EndProject
Project("{9A19103F-16F7-4668-BE54-9A1E7A4F7556}") = "Snap.Services", "Core\Snap.Services\Snap.Services.csproj", "{8371C388-3959-4FBE-9DB5-2E428A086D4C}"
EndProject
Project("{9A19103F-16F7-4668-BE54-9A1E7A4F7556}") = "Snap.DataAccess", "Snap.DataAccess\Snap.DataAccess.csproj", "{24117769-55CF-4CE6-AA4F-653BB3F35E5B}"
EndProject
Project("{9A19103F-16F7-4668-BE54-9A1E7A4F7556}") = "Dawlin.Abstract.Entities", "Dawlin.Abstract.Entities\Dawlin.Abstract.Entities.csproj", "{6F80F4A6-C684-4F85-9EAD-19E5645E51FB}"
EndProject
Project("{FAE04EC0-301F-11D3-BF4B-00C04F79EFBC}") = "Dawlin.Util", "Dawlin.Util\Dawlin.Util.csproj", "{03D00CBE-C904-4E44-8490-DFC0E4BBD939}"
EndProject
Global
	GlobalSection(SolutionConfigurationPlatforms) = preSolution
		Debug|Any CPU = Debug|Any CPU
		Release|Any CPU = Release|Any CPU
	EndGlobalSection
	GlobalSection(ProjectConfigurationPlatforms) = postSolution
		{625B81B6-83D1-436A-B9F1-125685D59997}.Debug|Any CPU.ActiveCfg = Debug|Any CPU
		{625B81B6-83D1-436A-B9F1-125685D59997}.Debug|Any CPU.Build.0 = Debug|Any CPU
		{625B81B6-83D1-436A-B9F1-125685D59997}.Release|Any CPU.ActiveCfg = Release|Any CPU
		{625B81B6-83D1-436A-B9F1-125685D59997}.Release|Any CPU.Build.0 = Release|Any CPU
		{F13473C4-BFC2-46DA-89D2-B6E3E1456979}.Debug|Any CPU.ActiveCfg = Debug|Any CPU
		{F13473C4-BFC2-46DA-89D2-B6E3E1456979}.Debug|Any CPU.Build.0 = Debug|Any CPU
		{F13473C4-BFC2-46DA-89D2-B6E3E1456979}.Release|Any CPU.ActiveCfg = Release|Any CPU
		{F13473C4-BFC2-46DA-89D2-B6E3E1456979}.Release|Any CPU.Build.0 = Release|Any CPU
		{E7A9D567-EADE-420E-8A14-A2CCA938C854}.Debug|Any CPU.ActiveCfg = Debug|Any CPU
		{E7A9D567-EADE-420E-8A14-A2CCA938C854}.Debug|Any CPU.Build.0 = Debug|Any CPU
		{E7A9D567-EADE-420E-8A14-A2CCA938C854}.Release|Any CPU.ActiveCfg = Release|Any CPU
		{E7A9D567-EADE-420E-8A14-A2CCA938C854}.Release|Any CPU.Build.0 = Release|Any CPU
		{8371C388-3959-4FBE-9DB5-2E428A086D4C}.Debug|Any CPU.ActiveCfg = Debug|Any CPU
		{8371C388-3959-4FBE-9DB5-2E428A086D4C}.Debug|Any CPU.Build.0 = Debug|Any CPU
		{8371C388-3959-4FBE-9DB5-2E428A086D4C}.Release|Any CPU.ActiveCfg = Release|Any CPU
		{8371C388-3959-4FBE-9DB5-2E428A086D4C}.Release|Any CPU.Build.0 = Release|Any CPU
		{24117769-55CF-4CE6-AA4F-653BB3F35E5B}.Debug|Any CPU.ActiveCfg = Debug|Any CPU
		{24117769-55CF-4CE6-AA4F-653BB3F35E5B}.Debug|Any CPU.Build.0 = Debug|Any CPU
		{24117769-55CF-4CE6-AA4F-653BB3F35E5B}.Release|Any CPU.ActiveCfg = Release|Any CPU
		{24117769-55CF-4CE6-AA4F-653BB3F35E5B}.Release|Any CPU.Build.0 = Release|Any CPU
		{6F80F4A6-C684-4F85-9EAD-19E5645E51FB}.Debug|Any CPU.ActiveCfg = Debug|Any CPU
		{6F80F4A6-C684-4F85-9EAD-19E5645E51FB}.Debug|Any CPU.Build.0 = Debug|Any CPU
		{6F80F4A6-C684-4F85-9EAD-19E5645E51FB}.Release|Any CPU.ActiveCfg = Release|Any CPU
		{6F80F4A6-C684-4F85-9EAD-19E5645E51FB}.Release|Any CPU.Build.0 = Release|Any CPU
		{03D00CBE-C904-4E44-8490-DFC0E4BBD939}.Debug|Any CPU.ActiveCfg = Debug|Any CPU
		{03D00CBE-C904-4E44-8490-DFC0E4BBD939}.Debug|Any CPU.Build.0 = Debug|Any CPU
		{03D00CBE-C904-4E44-8490-DFC0E4BBD939}.Release|Any CPU.ActiveCfg = Release|Any CPU
		{03D00CBE-C904-4E44-8490-DFC0E4BBD939}.Release|Any CPU.Build.0 = Release|Any CPU
	EndGlobalSection
	GlobalSection(SolutionProperties) = preSolution
		HideSolutionNode = FALSE
	EndGlobalSection
	GlobalSection(NestedProjects) = preSolution
		{625B81B6-83D1-436A-B9F1-125685D59997} = {E5635B02-BB68-44D3-9AAE-A576072BF7BD}
		{F13473C4-BFC2-46DA-89D2-B6E3E1456979} = {3A5A8311-8123-4072-AF76-51015F519AA9}
		{E7A9D567-EADE-420E-8A14-A2CCA938C854} = {A6CF54F0-B610-4091-A4FE-F0763EEAA55E}
		{8371C388-3959-4FBE-9DB5-2E428A086D4C} = {E5635B02-BB68-44D3-9AAE-A576072BF7BD}
		{24117769-55CF-4CE6-AA4F-653BB3F35E5B} = {E5635B02-BB68-44D3-9AAE-A576072BF7BD}
		{6F80F4A6-C684-4F85-9EAD-19E5645E51FB} = {E5635B02-BB68-44D3-9AAE-A576072BF7BD}
		{03D00CBE-C904-4E44-8490-DFC0E4BBD939} = {E5635B02-BB68-44D3-9AAE-A576072BF7BD}
	EndGlobalSection
	GlobalSection(ExtensibilityGlobals) = postSolution
		SolutionGuid = {09F34F17-F3DE-4160-A09B-083B9AE6A512}
	EndGlobalSection
EndGlobal
