
Microsoft Visual Studio Solution File, Format Version 12.00
# Visual Studio 15
VisualStudioVersion = 15.0.28307.329
MinimumVisualStudioVersion = 10.0.40219.1
Project("{2150E333-8FDC-42A3-9474-1A3956D46DE8}") = "Core", "Core", "{E5635B02-BB68-44D3-9AAE-A576072BF7BD}"
EndProject
Project("{2150E333-8FDC-42A3-9474-1A3956D46DE8}") = "Clients", "Clients", "{3A5A8311-8123-4072-AF76-51015F519AA9}"
EndProject
Project("{2150E333-8FDC-42A3-9474-1A3956D46DE8}") = "Tests", "Tests", "{A6CF54F0-B610-4091-A4FE-F0763EEAA55E}"
EndProject
Project("{2150E333-8FDC-42A3-9474-1A3956D46DE8}") = "Dawlin", "Dawlin", "{7E3CE218-A3B9-4159-B70D-CF75F5241D79}"
EndProject
Project("{2150E333-8FDC-42A3-9474-1A3956D46DE8}") = "GameSharp", "GameSharp", "{C3807A0F-67BB-4708-B24A-0A0180CC44CD}"
EndProject
Project("{9A19103F-16F7-4668-BE54-9A1E7A4F7556}") = "Dawlin.Abstract.Entities", "Dawlin\Dawlin.Abstract.Entities\Dawlin.Abstract.Entities.csproj", "{02FAA910-82CE-48D1-A5CA-B8AA05327645}"
EndProject
Project("{9A19103F-16F7-4668-BE54-9A1E7A4F7556}") = "Dawlin.Util.Abstract", "Dawlin\Dawlin.Util\Dawlin.Util.Abstract.csproj", "{A706186A-7666-42C5-8B50-960774629F66}"
EndProject
Project("{9A19103F-16F7-4668-BE54-9A1E7A4F7556}") = "Dawlin.Util.Impl", "Dawlin\Dawlin.Util.Impl\Dawlin.Util.Impl.csproj", "{D48DF1A8-9CA9-4C56-9415-5909DFF15172}"
EndProject
Project("{9A19103F-16F7-4668-BE54-9A1E7A4F7556}") = "GameSharp.Entities", "GameSharp\GameSharp.Entities\GameSharp.Entities.csproj", "{1232233B-19F9-4C19-84A6-2E2CF834A03A}"
EndProject
Project("{9A19103F-16F7-4668-BE54-9A1E7A4F7556}") = "GameSharp.Services.Abstract", "GameSharp\GameSharp.Services\GameSharp.Services.Abstract.csproj", "{8D77A0A2-C4EB-4574-927D-0C007A3B88D3}"
EndProject
Project("{9A19103F-16F7-4668-BE54-9A1E7A4F7556}") = "GameSharp.DataAccess", "GameSharp\GameSharp.DataAccess\GameSharp.DataAccess.csproj", "{4C7DB458-DC9E-4BD9-93F2-0B849CFBF2D4}"
EndProject
Project("{9A19103F-16F7-4668-BE54-9A1E7A4F7556}") = "GameSharp.Services.Impl", "GameSharp\GameSharp.Module\GameSharp.Services.Impl.csproj", "{507784BC-0E7A-4568-81DC-97DBFB158BBA}"
EndProject
Project("{9A19103F-16F7-4668-BE54-9A1E7A4F7556}") = "Snap.Entities", "SnapGame\Core\Snap.Entities\Snap.Entities.csproj", "{61A5C85E-C707-4272-BD69-5AF788B01637}"
EndProject
Project("{9A19103F-16F7-4668-BE54-9A1E7A4F7556}") = "Snap.DataAccess", "SnapGame\Core\Snap.DataAccess\Snap.DataAccess.csproj", "{4D275EE6-FD52-44FE-AA8A-4A7E2A38452C}"
EndProject
Project("{9A19103F-16F7-4668-BE54-9A1E7A4F7556}") = "Snap.Services.Abstract", "SnapGame\Core\Snap.Services.Abstract\Snap.Services.Abstract.csproj", "{E25D65DB-17B5-4CAA-9979-F7481A26DB69}"
EndProject
Project("{9A19103F-16F7-4668-BE54-9A1E7A4F7556}") = "Snap.Services.Impl", "SnapGame\Core\Snap.Services.Impl\Snap.Services.Impl.csproj", "{312BAAF5-D91F-4512-9030-0775C2AA9E33}"
EndProject
Project("{9A19103F-16F7-4668-BE54-9A1E7A4F7556}") = "Snap.Fakes", "SnapGame\Core\Snap.Fakes\Snap.Fakes.csproj", "{F0589FDA-F711-42A8-98D9-B11AE2024C81}"
EndProject
Project("{9A19103F-16F7-4668-BE54-9A1E7A4F7556}") = "Snap.Tests", "SnapGame\Tests\Snap.UnitTests\Snap.Tests.csproj", "{74C0392F-56CF-4C70-89DC-62A4352AA1EA}"
EndProject
Project("{9A19103F-16F7-4668-BE54-9A1E7A4F7556}") = "Snap.ConsoleApplication", "SnapGame\Clients\Snap.Console\Snap.ConsoleApplication.csproj", "{E1158F58-C10F-4566-BF4A-800B87AC15EA}"
EndProject
Project("{9A19103F-16F7-4668-BE54-9A1E7A4F7556}") = "Snap.Server", "SnapGame\Clients\Snap.Server\Snap.Server.csproj", "{16BC4A83-7558-4251-B473-02DBA4449C01}"
EndProject
Project("{FAE04EC0-301F-11D3-BF4B-00C04F79EFBC}") = "Snap.Web", "SnapGame\Clients\Snap.Web\Snap.Web.csproj", "{06401108-8971-4571-A4E7-9D51A1CC4256}"
EndProject
Global
	GlobalSection(SolutionConfigurationPlatforms) = preSolution
		Debug|Any CPU = Debug|Any CPU
		Release|Any CPU = Release|Any CPU
	EndGlobalSection
	GlobalSection(ProjectConfigurationPlatforms) = postSolution
		{02FAA910-82CE-48D1-A5CA-B8AA05327645}.Debug|Any CPU.ActiveCfg = Debug|Any CPU
		{02FAA910-82CE-48D1-A5CA-B8AA05327645}.Debug|Any CPU.Build.0 = Debug|Any CPU
		{02FAA910-82CE-48D1-A5CA-B8AA05327645}.Release|Any CPU.ActiveCfg = Release|Any CPU
		{02FAA910-82CE-48D1-A5CA-B8AA05327645}.Release|Any CPU.Build.0 = Release|Any CPU
		{A706186A-7666-42C5-8B50-960774629F66}.Debug|Any CPU.ActiveCfg = Debug|Any CPU
		{A706186A-7666-42C5-8B50-960774629F66}.Debug|Any CPU.Build.0 = Debug|Any CPU
		{A706186A-7666-42C5-8B50-960774629F66}.Release|Any CPU.ActiveCfg = Release|Any CPU
		{A706186A-7666-42C5-8B50-960774629F66}.Release|Any CPU.Build.0 = Release|Any CPU
		{D48DF1A8-9CA9-4C56-9415-5909DFF15172}.Debug|Any CPU.ActiveCfg = Debug|Any CPU
		{D48DF1A8-9CA9-4C56-9415-5909DFF15172}.Debug|Any CPU.Build.0 = Debug|Any CPU
		{D48DF1A8-9CA9-4C56-9415-5909DFF15172}.Release|Any CPU.ActiveCfg = Release|Any CPU
		{D48DF1A8-9CA9-4C56-9415-5909DFF15172}.Release|Any CPU.Build.0 = Release|Any CPU
		{1232233B-19F9-4C19-84A6-2E2CF834A03A}.Debug|Any CPU.ActiveCfg = Debug|Any CPU
		{1232233B-19F9-4C19-84A6-2E2CF834A03A}.Debug|Any CPU.Build.0 = Debug|Any CPU
		{1232233B-19F9-4C19-84A6-2E2CF834A03A}.Release|Any CPU.ActiveCfg = Release|Any CPU
		{1232233B-19F9-4C19-84A6-2E2CF834A03A}.Release|Any CPU.Build.0 = Release|Any CPU
		{8D77A0A2-C4EB-4574-927D-0C007A3B88D3}.Debug|Any CPU.ActiveCfg = Debug|Any CPU
		{8D77A0A2-C4EB-4574-927D-0C007A3B88D3}.Debug|Any CPU.Build.0 = Debug|Any CPU
		{8D77A0A2-C4EB-4574-927D-0C007A3B88D3}.Release|Any CPU.ActiveCfg = Release|Any CPU
		{8D77A0A2-C4EB-4574-927D-0C007A3B88D3}.Release|Any CPU.Build.0 = Release|Any CPU
		{4C7DB458-DC9E-4BD9-93F2-0B849CFBF2D4}.Debug|Any CPU.ActiveCfg = Debug|Any CPU
		{4C7DB458-DC9E-4BD9-93F2-0B849CFBF2D4}.Debug|Any CPU.Build.0 = Debug|Any CPU
		{4C7DB458-DC9E-4BD9-93F2-0B849CFBF2D4}.Release|Any CPU.ActiveCfg = Release|Any CPU
		{4C7DB458-DC9E-4BD9-93F2-0B849CFBF2D4}.Release|Any CPU.Build.0 = Release|Any CPU
		{507784BC-0E7A-4568-81DC-97DBFB158BBA}.Debug|Any CPU.ActiveCfg = Debug|Any CPU
		{507784BC-0E7A-4568-81DC-97DBFB158BBA}.Debug|Any CPU.Build.0 = Debug|Any CPU
		{507784BC-0E7A-4568-81DC-97DBFB158BBA}.Release|Any CPU.ActiveCfg = Release|Any CPU
		{507784BC-0E7A-4568-81DC-97DBFB158BBA}.Release|Any CPU.Build.0 = Release|Any CPU
		{61A5C85E-C707-4272-BD69-5AF788B01637}.Debug|Any CPU.ActiveCfg = Debug|Any CPU
		{61A5C85E-C707-4272-BD69-5AF788B01637}.Debug|Any CPU.Build.0 = Debug|Any CPU
		{61A5C85E-C707-4272-BD69-5AF788B01637}.Release|Any CPU.ActiveCfg = Release|Any CPU
		{61A5C85E-C707-4272-BD69-5AF788B01637}.Release|Any CPU.Build.0 = Release|Any CPU
		{4D275EE6-FD52-44FE-AA8A-4A7E2A38452C}.Debug|Any CPU.ActiveCfg = Debug|Any CPU
		{4D275EE6-FD52-44FE-AA8A-4A7E2A38452C}.Debug|Any CPU.Build.0 = Debug|Any CPU
		{4D275EE6-FD52-44FE-AA8A-4A7E2A38452C}.Release|Any CPU.ActiveCfg = Release|Any CPU
		{4D275EE6-FD52-44FE-AA8A-4A7E2A38452C}.Release|Any CPU.Build.0 = Release|Any CPU
		{E25D65DB-17B5-4CAA-9979-F7481A26DB69}.Debug|Any CPU.ActiveCfg = Debug|Any CPU
		{E25D65DB-17B5-4CAA-9979-F7481A26DB69}.Debug|Any CPU.Build.0 = Debug|Any CPU
		{E25D65DB-17B5-4CAA-9979-F7481A26DB69}.Release|Any CPU.ActiveCfg = Release|Any CPU
		{E25D65DB-17B5-4CAA-9979-F7481A26DB69}.Release|Any CPU.Build.0 = Release|Any CPU
		{312BAAF5-D91F-4512-9030-0775C2AA9E33}.Debug|Any CPU.ActiveCfg = Debug|Any CPU
		{312BAAF5-D91F-4512-9030-0775C2AA9E33}.Debug|Any CPU.Build.0 = Debug|Any CPU
		{312BAAF5-D91F-4512-9030-0775C2AA9E33}.Release|Any CPU.ActiveCfg = Release|Any CPU
		{312BAAF5-D91F-4512-9030-0775C2AA9E33}.Release|Any CPU.Build.0 = Release|Any CPU
		{F0589FDA-F711-42A8-98D9-B11AE2024C81}.Debug|Any CPU.ActiveCfg = Debug|Any CPU
		{F0589FDA-F711-42A8-98D9-B11AE2024C81}.Debug|Any CPU.Build.0 = Debug|Any CPU
		{F0589FDA-F711-42A8-98D9-B11AE2024C81}.Release|Any CPU.ActiveCfg = Release|Any CPU
		{F0589FDA-F711-42A8-98D9-B11AE2024C81}.Release|Any CPU.Build.0 = Release|Any CPU
		{74C0392F-56CF-4C70-89DC-62A4352AA1EA}.Debug|Any CPU.ActiveCfg = Debug|Any CPU
		{74C0392F-56CF-4C70-89DC-62A4352AA1EA}.Debug|Any CPU.Build.0 = Debug|Any CPU
		{74C0392F-56CF-4C70-89DC-62A4352AA1EA}.Release|Any CPU.ActiveCfg = Release|Any CPU
		{74C0392F-56CF-4C70-89DC-62A4352AA1EA}.Release|Any CPU.Build.0 = Release|Any CPU
		{E1158F58-C10F-4566-BF4A-800B87AC15EA}.Debug|Any CPU.ActiveCfg = Debug|Any CPU
		{E1158F58-C10F-4566-BF4A-800B87AC15EA}.Debug|Any CPU.Build.0 = Debug|Any CPU
		{E1158F58-C10F-4566-BF4A-800B87AC15EA}.Release|Any CPU.ActiveCfg = Release|Any CPU
		{E1158F58-C10F-4566-BF4A-800B87AC15EA}.Release|Any CPU.Build.0 = Release|Any CPU
		{16BC4A83-7558-4251-B473-02DBA4449C01}.Debug|Any CPU.ActiveCfg = Debug|Any CPU
		{16BC4A83-7558-4251-B473-02DBA4449C01}.Debug|Any CPU.Build.0 = Debug|Any CPU
		{16BC4A83-7558-4251-B473-02DBA4449C01}.Release|Any CPU.ActiveCfg = Release|Any CPU
		{16BC4A83-7558-4251-B473-02DBA4449C01}.Release|Any CPU.Build.0 = Release|Any CPU
		{06401108-8971-4571-A4E7-9D51A1CC4256}.Debug|Any CPU.ActiveCfg = Debug|Any CPU
		{06401108-8971-4571-A4E7-9D51A1CC4256}.Debug|Any CPU.Build.0 = Debug|Any CPU
		{06401108-8971-4571-A4E7-9D51A1CC4256}.Release|Any CPU.ActiveCfg = Release|Any CPU
		{06401108-8971-4571-A4E7-9D51A1CC4256}.Release|Any CPU.Build.0 = Release|Any CPU
	EndGlobalSection
	GlobalSection(SolutionProperties) = preSolution
		HideSolutionNode = FALSE
	EndGlobalSection
	GlobalSection(NestedProjects) = preSolution
		{02FAA910-82CE-48D1-A5CA-B8AA05327645} = {7E3CE218-A3B9-4159-B70D-CF75F5241D79}
		{A706186A-7666-42C5-8B50-960774629F66} = {7E3CE218-A3B9-4159-B70D-CF75F5241D79}
		{D48DF1A8-9CA9-4C56-9415-5909DFF15172} = {7E3CE218-A3B9-4159-B70D-CF75F5241D79}
		{1232233B-19F9-4C19-84A6-2E2CF834A03A} = {C3807A0F-67BB-4708-B24A-0A0180CC44CD}
		{8D77A0A2-C4EB-4574-927D-0C007A3B88D3} = {C3807A0F-67BB-4708-B24A-0A0180CC44CD}
		{4C7DB458-DC9E-4BD9-93F2-0B849CFBF2D4} = {C3807A0F-67BB-4708-B24A-0A0180CC44CD}
		{507784BC-0E7A-4568-81DC-97DBFB158BBA} = {C3807A0F-67BB-4708-B24A-0A0180CC44CD}
		{61A5C85E-C707-4272-BD69-5AF788B01637} = {E5635B02-BB68-44D3-9AAE-A576072BF7BD}
		{4D275EE6-FD52-44FE-AA8A-4A7E2A38452C} = {E5635B02-BB68-44D3-9AAE-A576072BF7BD}
		{E25D65DB-17B5-4CAA-9979-F7481A26DB69} = {E5635B02-BB68-44D3-9AAE-A576072BF7BD}
		{312BAAF5-D91F-4512-9030-0775C2AA9E33} = {E5635B02-BB68-44D3-9AAE-A576072BF7BD}
		{F0589FDA-F711-42A8-98D9-B11AE2024C81} = {E5635B02-BB68-44D3-9AAE-A576072BF7BD}
		{74C0392F-56CF-4C70-89DC-62A4352AA1EA} = {A6CF54F0-B610-4091-A4FE-F0763EEAA55E}
		{E1158F58-C10F-4566-BF4A-800B87AC15EA} = {3A5A8311-8123-4072-AF76-51015F519AA9}
		{16BC4A83-7558-4251-B473-02DBA4449C01} = {3A5A8311-8123-4072-AF76-51015F519AA9}
		{06401108-8971-4571-A4E7-9D51A1CC4256} = {3A5A8311-8123-4072-AF76-51015F519AA9}
	EndGlobalSection
	GlobalSection(ExtensibilityGlobals) = postSolution
		SolutionGuid = {09F34F17-F3DE-4160-A09B-083B9AE6A512}
	EndGlobalSection
EndGlobal
